
Microsoft Visual Studio Solution File, Format Version 12.00
# Visual Studio Version 17
VisualStudioVersion = 17.14.36401.2
MinimumVisualStudioVersion = 10.0.40219.1
Project("{FAE04EC0-301F-11D3-BF4B-00C04F79EFBC}") = "AuthAPI", "AuthAPI\AuthAPI.csproj", "{A72079CE-26B6-49D6-9AFF-189440330906}"
EndProject
Project("{FAE04EC0-301F-11D3-BF4B-00C04F79EFBC}") = "WeatherAPI", "WeatherAPI\WeatherAPI.csproj", "{CAFD7D9B-6BA6-4901-A3BF-571850CCEC67}"
EndProject
Project("{FAE04EC0-301F-11D3-BF4B-00C04F79EFBC}") = "PharmacyAPI", "PharmacyAPI\PharmacyAPI.csproj", "{F175A958-F8B1-4E19-83D9-7BE89F551038}"
EndProject
Project("{2150E333-8FDC-42A3-9474-1A3956D46DE8}") = "PharmaSkyApp", "PharmaSkyApp", "{02EA681E-C7D8-13C7-8484-4AC65E1B71E8}"
EndProject
Project("{2150E333-8FDC-42A3-9474-1A3956D46DE8}") = "Frontend", "Frontend", "{1A6D8F1A-A5E3-49B0-AE4B-A9990B2640D2}"
EndProject
Project("{FAE04EC0-301F-11D3-BF4B-00C04F79EFBC}") = "PharmaSky.WebUI", "PharmaSkyApp\Frontend\PharmaSky.WebUI\PharmaSky.WebUI.csproj", "{EF8A0865-8DF2-4668-B5CB-982E5285C960}"
EndProject
Project("{FAE04EC0-301F-11D3-BF4B-00C04F79EFBC}") = "PharmaSky.Dto", "PharmaSkyApp\Frontend\PharmaSky.Dto\PharmaSky.Dto.csproj", "{E814EA2A-8A19-4D8C-BED2-E6749E2A9926}"
EndProject
Project("{2150E333-8FDC-42A3-9474-1A3956D46DE8}") = "Presentation", "Presentation", "{DCAE7E95-313B-46D5-B41F-579C64187008}"
EndProject
Project("{2150E333-8FDC-42A3-9474-1A3956D46DE8}") = "Core", "Core", "{DB149FAD-E646-44EC-9FEB-6F0493CF691A}"
EndProject
Project("{FAE04EC0-301F-11D3-BF4B-00C04F79EFBC}") = "PharmaSky.Domain", "PharmaSkyApp\Core\PharmaSky.Domain\PharmaSky.Domain.csproj", "{A0BDF5C6-E716-461C-A67F-BC0290586E54}"
EndProject
Project("{2150E333-8FDC-42A3-9474-1A3956D46DE8}") = "Infrastructure", "Infrastructure", "{B96AB33F-00C3-4799-9C0D-333358ADDA50}"
EndProject
Project("{FAE04EC0-301F-11D3-BF4B-00C04F79EFBC}") = "Pharmacy.Persistence", "PharmaSkyApp\Infrastructure\Pharmacy.Persistence\Pharmacy.Persistence.csproj", "{22103AC9-F0FE-4BD9-A881-D8ED685D4965}"
EndProject
Global
	GlobalSection(SolutionConfigurationPlatforms) = preSolution
		Debug|Any CPU = Debug|Any CPU
		Release|Any CPU = Release|Any CPU
	EndGlobalSection
	GlobalSection(ProjectConfigurationPlatforms) = postSolution
		{A72079CE-26B6-49D6-9AFF-189440330906}.Debug|Any CPU.ActiveCfg = Debug|Any CPU
		{A72079CE-26B6-49D6-9AFF-189440330906}.Debug|Any CPU.Build.0 = Debug|Any CPU
		{A72079CE-26B6-49D6-9AFF-189440330906}.Release|Any CPU.ActiveCfg = Release|Any CPU
		{A72079CE-26B6-49D6-9AFF-189440330906}.Release|Any CPU.Build.0 = Release|Any CPU
		{CAFD7D9B-6BA6-4901-A3BF-571850CCEC67}.Debug|Any CPU.ActiveCfg = Debug|Any CPU
		{CAFD7D9B-6BA6-4901-A3BF-571850CCEC67}.Debug|Any CPU.Build.0 = Debug|Any CPU
		{CAFD7D9B-6BA6-4901-A3BF-571850CCEC67}.Release|Any CPU.ActiveCfg = Release|Any CPU
		{CAFD7D9B-6BA6-4901-A3BF-571850CCEC67}.Release|Any CPU.Build.0 = Release|Any CPU
		{F175A958-F8B1-4E19-83D9-7BE89F551038}.Debug|Any CPU.ActiveCfg = Debug|Any CPU
		{F175A958-F8B1-4E19-83D9-7BE89F551038}.Debug|Any CPU.Build.0 = Debug|Any CPU
		{F175A958-F8B1-4E19-83D9-7BE89F551038}.Release|Any CPU.ActiveCfg = Release|Any CPU
		{F175A958-F8B1-4E19-83D9-7BE89F551038}.Release|Any CPU.Build.0 = Release|Any CPU
		{EF8A0865-8DF2-4668-B5CB-982E5285C960}.Debug|Any CPU.ActiveCfg = Debug|Any CPU
		{EF8A0865-8DF2-4668-B5CB-982E5285C960}.Debug|Any CPU.Build.0 = Debug|Any CPU
		{EF8A0865-8DF2-4668-B5CB-982E5285C960}.Release|Any CPU.ActiveCfg = Release|Any CPU
		{EF8A0865-8DF2-4668-B5CB-982E5285C960}.Release|Any CPU.Build.0 = Release|Any CPU
		{E814EA2A-8A19-4D8C-BED2-E6749E2A9926}.Debug|Any CPU.ActiveCfg = Debug|Any CPU
		{E814EA2A-8A19-4D8C-BED2-E6749E2A9926}.Debug|Any CPU.Build.0 = Debug|Any CPU
		{E814EA2A-8A19-4D8C-BED2-E6749E2A9926}.Release|Any CPU.ActiveCfg = Release|Any CPU
		{E814EA2A-8A19-4D8C-BED2-E6749E2A9926}.Release|Any CPU.Build.0 = Release|Any CPU
		{A0BDF5C6-E716-461C-A67F-BC0290586E54}.Debug|Any CPU.ActiveCfg = Debug|Any CPU
		{A0BDF5C6-E716-461C-A67F-BC0290586E54}.Debug|Any CPU.Build.0 = Debug|Any CPU
		{A0BDF5C6-E716-461C-A67F-BC0290586E54}.Release|Any CPU.ActiveCfg = Release|Any CPU
		{A0BDF5C6-E716-461C-A67F-BC0290586E54}.Release|Any CPU.Build.0 = Release|Any CPU
		{22103AC9-F0FE-4BD9-A881-D8ED685D4965}.Debug|Any CPU.ActiveCfg = Debug|Any CPU
		{22103AC9-F0FE-4BD9-A881-D8ED685D4965}.Debug|Any CPU.Build.0 = Debug|Any CPU
		{22103AC9-F0FE-4BD9-A881-D8ED685D4965}.Release|Any CPU.ActiveCfg = Release|Any CPU
		{22103AC9-F0FE-4BD9-A881-D8ED685D4965}.Release|Any CPU.Build.0 = Release|Any CPU
	EndGlobalSection
	GlobalSection(SolutionProperties) = preSolution
		HideSolutionNode = FALSE
	EndGlobalSection
	GlobalSection(NestedProjects) = preSolution
		{A72079CE-26B6-49D6-9AFF-189440330906} = {DCAE7E95-313B-46D5-B41F-579C64187008}
		{CAFD7D9B-6BA6-4901-A3BF-571850CCEC67} = {DCAE7E95-313B-46D5-B41F-579C64187008}
		{F175A958-F8B1-4E19-83D9-7BE89F551038} = {DCAE7E95-313B-46D5-B41F-579C64187008}
		{1A6D8F1A-A5E3-49B0-AE4B-A9990B2640D2} = {02EA681E-C7D8-13C7-8484-4AC65E1B71E8}
		{EF8A0865-8DF2-4668-B5CB-982E5285C960} = {1A6D8F1A-A5E3-49B0-AE4B-A9990B2640D2}
		{E814EA2A-8A19-4D8C-BED2-E6749E2A9926} = {1A6D8F1A-A5E3-49B0-AE4B-A9990B2640D2}
		{DB149FAD-E646-44EC-9FEB-6F0493CF691A} = {02EA681E-C7D8-13C7-8484-4AC65E1B71E8}
		{A0BDF5C6-E716-461C-A67F-BC0290586E54} = {DB149FAD-E646-44EC-9FEB-6F0493CF691A}
		{B96AB33F-00C3-4799-9C0D-333358ADDA50} = {02EA681E-C7D8-13C7-8484-4AC65E1B71E8}
		{22103AC9-F0FE-4BD9-A881-D8ED685D4965} = {B96AB33F-00C3-4799-9C0D-333358ADDA50}
	EndGlobalSection
	GlobalSection(ExtensibilityGlobals) = postSolution
		SolutionGuid = {12F1E03A-4BDD-49E2-9453-6C9F86BD61C6}
	EndGlobalSection
EndGlobal
